# This file is autogenerated, do not edit; changes may be undone by the next 'dep ensure'.


[[projects]]
  name = "github.com/favclip/genbase"
  packages = ["."]
  revision = "33e3f4f43761221e7ef1f0be35bad3711ae26cbd"
  version = "v1.0.0"

[[projects]]
  name = "github.com/go-sql-driver/mysql"
  packages = ["."]
  revision = "a0583e0143b1624142adab07e0e97fe106d99561"
  version = "v1.3"

[[projects]]
  name = "github.com/rakyll/statik"
  packages = ["fs"]
  revision = "fd36b3595eb2ec8da4b8153b107f7ea08504899d"
  version = "v0.1.1"

[[projects]]
  branch = "master"
  name = "github.com/serenize/snaker"
  packages = ["."]
  revision = "a683aaf2d516deecd70cad0c72e3ca773ecfcef0"

[solve-meta]
  analyzer-name = "dep"
  analyzer-version = 1
  inputs-digest = "85649af7890c6ed94db56bb347405d38cd45244e90e9a439e78086548fc3c7c1"
  solver-name = "gps-cdcl"
  solver-version = 1
